// !$*UTF8*$!
{
	archiveVersion = 1;
	classes = {
	};
	objectVersion = 55;
	objects = {

/* Begin PBXBuildFile section */
		27F787C3278E3290006DB47C /* Tests_iOS.swift in Sources */ = {isa = PBXBuildFile; fileRef = 27F787C2278E3290006DB47C /* Tests_iOS.swift */; };
		27F787C5278E3290006DB47C /* Tests_iOSLaunchTests.swift in Sources */ = {isa = PBXBuildFile; fileRef = 27F787C4278E3290006DB47C /* Tests_iOSLaunchTests.swift */; };
		27F787CF278E3290006DB47C /* Tests_macOS.swift in Sources */ = {isa = PBXBuildFile; fileRef = 27F787CE278E3290006DB47C /* Tests_macOS.swift */; };
		27F787D1278E3290006DB47C /* Tests_macOSLaunchTests.swift in Sources */ = {isa = PBXBuildFile; fileRef = 27F787D0278E3290006DB47C /* Tests_macOSLaunchTests.swift */; };
		27F787D2278E3290006DB47C /* WordleRipoffApp.swift in Sources */ = {isa = PBXBuildFile; fileRef = 27F787AA278E328F006DB47C /* WordleRipoffApp.swift */; };
		27F787D3278E3290006DB47C /* WordleRipoffApp.swift in Sources */ = {isa = PBXBuildFile; fileRef = 27F787AA278E328F006DB47C /* WordleRipoffApp.swift */; };
		27F787D4278E3290006DB47C /* ContentView.swift in Sources */ = {isa = PBXBuildFile; fileRef = 27F787AB278E328F006DB47C /* ContentView.swift */; };
		27F787D5278E3290006DB47C /* ContentView.swift in Sources */ = {isa = PBXBuildFile; fileRef = 27F787AB278E328F006DB47C /* ContentView.swift */; };
		27F787D6278E3290006DB47C /* Assets.xcassets in Resources */ = {isa = PBXBuildFile; fileRef = 27F787AC278E3290006DB47C /* Assets.xcassets */; };
		27F787D7278E3290006DB47C /* Assets.xcassets in Resources */ = {isa = PBXBuildFile; fileRef = 27F787AC278E3290006DB47C /* Assets.xcassets */; };
/* End PBXBuildFile section */

/* Begin PBXContainerItemProxy section */
		27F787BF278E3290006DB47C /* PBXContainerItemProxy */ = {
			isa = PBXContainerItemProxy;
			containerPortal = 27F787A5278E328F006DB47C /* Project object */;
			proxyType = 1;
			remoteGlobalIDString = 27F787B0278E3290006DB47C;
			remoteInfo = "WordleRipoff (iOS)";
		};
		27F787CB278E3290006DB47C /* PBXContainerItemProxy */ = {
			isa = PBXContainerItemProxy;
			containerPortal = 27F787A5278E328F006DB47C /* Project object */;
			proxyType = 1;
			remoteGlobalIDString = 27F787B6278E3290006DB47C;
			remoteInfo = "WordleRipoff (macOS)";
		};
/* End PBXContainerItemProxy section */

/* Begin PBXFileReference section */
		27F787AA278E328F006DB47C /* WordleRipoffApp.swift */ = {isa = PBXFileReference; lastKnownFileType = sourcecode.swift; path = WordleRipoffApp.swift; sourceTree = "<group>"; };
		27F787AB278E328F006DB47C /* ContentView.swift */ = {isa = PBXFileReference; lastKnownFileType = sourcecode.swift; path = ContentView.swift; sourceTree = "<group>"; };
		27F787AC278E3290006DB47C /* Assets.xcassets */ = {isa = PBXFileReference; lastKnownFileType = folder.assetcatalog; path = Assets.xcassets; sourceTree = "<group>"; };
		27F787B1278E3290006DB47C /* WordleRipoff.app */ = {isa = PBXFileReference; explicitFileType = wrapper.application; includeInIndex = 0; path = WordleRipoff.app; sourceTree = BUILT_PRODUCTS_DIR; };
		27F787B7278E3290006DB47C /* WordleRipoff.app */ = {isa = PBXFileReference; explicitFileType = wrapper.application; includeInIndex = 0; path = WordleRipoff.app; sourceTree = BUILT_PRODUCTS_DIR; };
		27F787B9278E3290006DB47C /* macOS.entitlements */ = {isa = PBXFileReference; lastKnownFileType = text.plist.entitlements; path = macOS.entitlements; sourceTree = "<group>"; };
		27F787BE278E3290006DB47C /* Tests iOS.xctest */ = {isa = PBXFileReference; explicitFileType = wrapper.cfbundle; includeInIndex = 0; path = "Tests iOS.xctest"; sourceTree = BUILT_PRODUCTS_DIR; };
		27F787C2278E3290006DB47C /* Tests_iOS.swift */ = {isa = PBXFileReference; lastKnownFileType = sourcecode.swift; path = Tests_iOS.swift; sourceTree = "<group>"; };
		27F787C4278E3290006DB47C /* Tests_iOSLaunchTests.swift */ = {isa = PBXFileReference; lastKnownFileType = sourcecode.swift; path = Tests_iOSLaunchTests.swift; sourceTree = "<group>"; };
		27F787CA278E3290006DB47C /* Tests macOS.xctest */ = {isa = PBXFileReference; explicitFileType = wrapper.cfbundle; includeInIndex = 0; path = "Tests macOS.xctest"; sourceTree = BUILT_PRODUCTS_DIR; };
		27F787CE278E3290006DB47C /* Tests_macOS.swift */ = {isa = PBXFileReference; lastKnownFileType = sourcecode.swift; path = Tests_macOS.swift; sourceTree = "<group>"; };
		27F787D0278E3290006DB47C /* Tests_macOSLaunchTests.swift */ = {isa = PBXFileReference; lastKnownFileType = sourcecode.swift; path = Tests_macOSLaunchTests.swift; sourceTree = "<group>"; };
/* End PBXFileReference section */

/* Begin PBXFrameworksBuildPhase section */
		27F787AE278E3290006DB47C /* Frameworks */ = {
			isa = PBXFrameworksBuildPhase;
			buildActionMask = 2147483647;
			files = (
			);
			runOnlyForDeploymentPostprocessing = 0;
		};
		27F787B4278E3290006DB47C /* Frameworks */ = {
			isa = PBXFrameworksBuildPhase;
			buildActionMask = 2147483647;
			files = (
			);
			runOnlyForDeploymentPostprocessing = 0;
		};
		27F787BB278E3290006DB47C /* Frameworks */ = {
			isa = PBXFrameworksBuildPhase;
			buildActionMask = 2147483647;
			files = (
			);
			runOnlyForDeploymentPostprocessing = 0;
		};
		27F787C7278E3290006DB47C /* Frameworks */ = {
			isa = PBXFrameworksBuildPhase;
			buildActionMask = 2147483647;
			files = (
			);
			runOnlyForDeploymentPostprocessing = 0;
		};
/* End PBXFrameworksBuildPhase section */

/* Begin PBXGroup section */
		27F787A4278E328F006DB47C = {
			isa = PBXGroup;
			children = (
				27F787A9278E328F006DB47C /* Shared */,
				27F787B8278E3290006DB47C /* macOS */,
				27F787C1278E3290006DB47C /* Tests iOS */,
				27F787CD278E3290006DB47C /* Tests macOS */,
				27F787B2278E3290006DB47C /* Products */,
			);
			sourceTree = "<group>";
		};
		27F787A9278E328F006DB47C /* Shared */ = {
			isa = PBXGroup;
			children = (
				27F787AA278E328F006DB47C /* WordleRipoffApp.swift */,
				27F787AB278E328F006DB47C /* ContentView.swift */,
				27F787AC278E3290006DB47C /* Assets.xcassets */,
			);
			path = Shared;
			sourceTree = "<group>";
		};
		27F787B2278E3290006DB47C /* Products */ = {
			isa = PBXGroup;
			children = (
				27F787B1278E3290006DB47C /* WordleRipoff.app */,
				27F787B7278E3290006DB47C /* WordleRipoff.app */,
				27F787BE278E3290006DB47C /* Tests iOS.xctest */,
				27F787CA278E3290006DB47C /* Tests macOS.xctest */,
			);
			name = Products;
			sourceTree = "<group>";
		};
		27F787B8278E3290006DB47C /* macOS */ = {
			isa = PBXGroup;
			children = (
				27F787B9278E3290006DB47C /* macOS.entitlements */,
			);
			path = macOS;
			sourceTree = "<group>";
		};
		27F787C1278E3290006DB47C /* Tests iOS */ = {
			isa = PBXGroup;
			children = (
				27F787C2278E3290006DB47C /* Tests_iOS.swift */,
				27F787C4278E3290006DB47C /* Tests_iOSLaunchTests.swift */,
			);
			path = "Tests iOS";
			sourceTree = "<group>";
		};
		27F787CD278E3290006DB47C /* Tests macOS */ = {
			isa = PBXGroup;
			children = (
				27F787CE278E3290006DB47C /* Tests_macOS.swift */,
				27F787D0278E3290006DB47C /* Tests_macOSLaunchTests.swift */,
			);
			path = "Tests macOS";
			sourceTree = "<group>";
		};
/* End PBXGroup section */

/* Begin PBXNativeTarget section */
		27F787B0278E3290006DB47C /* WordleRipoff (iOS) */ = {
			isa = PBXNativeTarget;
			buildConfigurationList = 27F787DA278E3290006DB47C /* Build configuration list for PBXNativeTarget "WordleRipoff (iOS)" */;
			buildPhases = (
				27F787AD278E3290006DB47C /* Sources */,
				27F787AE278E3290006DB47C /* Frameworks */,
				27F787AF278E3290006DB47C /* Resources */,
			);
			buildRules = (
			);
			dependencies = (
			);
			name = "WordleRipoff (iOS)";
			productName = "WordleRipoff (iOS)";
			productReference = 27F787B1278E3290006DB47C /* WordleRipoff.app */;
			productType = "com.apple.product-type.application";
		};
		27F787B6278E3290006DB47C /* WordleRipoff (macOS) */ = {
			isa = PBXNativeTarget;
			buildConfigurationList = 27F787DD278E3290006DB47C /* Build configuration list for PBXNativeTarget "WordleRipoff (macOS)" */;
			buildPhases = (
				27F787B3278E3290006DB47C /* Sources */,
				27F787B4278E3290006DB47C /* Frameworks */,
				27F787B5278E3290006DB47C /* Resources */,
			);
			buildRules = (
			);
			dependencies = (
			);
			name = "WordleRipoff (macOS)";
			productName = "WordleRipoff (macOS)";
			productReference = 27F787B7278E3290006DB47C /* WordleRipoff.app */;
			productType = "com.apple.product-type.application";
		};
		27F787BD278E3290006DB47C /* Tests iOS */ = {
			isa = PBXNativeTarget;
			buildConfigurationList = 27F787E0278E3290006DB47C /* Build configuration list for PBXNativeTarget "Tests iOS" */;
			buildPhases = (
				27F787BA278E3290006DB47C /* Sources */,
				27F787BB278E3290006DB47C /* Frameworks */,
				27F787BC278E3290006DB47C /* Resources */,
			);
			buildRules = (
			);
			dependencies = (
				27F787C0278E3290006DB47C /* PBXTargetDependency */,
			);
			name = "Tests iOS";
			productName = "Tests iOS";
			productReference = 27F787BE278E3290006DB47C /* Tests iOS.xctest */;
			productType = "com.apple.product-type.bundle.ui-testing";
		};
		27F787C9278E3290006DB47C /* Tests macOS */ = {
			isa = PBXNativeTarget;
			buildConfigurationList = 27F787E3278E3290006DB47C /* Build configuration list for PBXNativeTarget "Tests macOS" */;
			buildPhases = (
				27F787C6278E3290006DB47C /* Sources */,
				27F787C7278E3290006DB47C /* Frameworks */,
				27F787C8278E3290006DB47C /* Resources */,
			);
			buildRules = (
			);
			dependencies = (
				27F787CC278E3290006DB47C /* PBXTargetDependency */,
			);
			name = "Tests macOS";
			productName = "Tests macOS";
			productReference = 27F787CA278E3290006DB47C /* Tests macOS.xctest */;
			productType = "com.apple.product-type.bundle.ui-testing";
		};
/* End PBXNativeTarget section */

/* Begin PBXProject section */
		27F787A5278E328F006DB47C /* Project object */ = {
			isa = PBXProject;
			attributes = {
				BuildIndependentTargetsInParallel = 1;
				LastSwiftUpdateCheck = 1320;
				LastUpgradeCheck = 1320;
				TargetAttributes = {
					27F787B0278E3290006DB47C = {
						CreatedOnToolsVersion = 13.2;
					};
					27F787B6278E3290006DB47C = {
						CreatedOnToolsVersion = 13.2;
					};
					27F787BD278E3290006DB47C = {
						CreatedOnToolsVersion = 13.2;
						TestTargetID = 27F787B0278E3290006DB47C;
					};
					27F787C9278E3290006DB47C = {
						CreatedOnToolsVersion = 13.2;
						TestTargetID = 27F787B6278E3290006DB47C;
					};
				};
			};
			buildConfigurationList = 27F787A8278E328F006DB47C /* Build configuration list for PBXProject "WordleRipoff" */;
			compatibilityVersion = "Xcode 13.0";
			developmentRegion = en;
			hasScannedForEncodings = 0;
			knownRegions = (
				en,
				Base,
			);
			mainGroup = 27F787A4278E328F006DB47C;
			productRefGroup = 27F787B2278E3290006DB47C /* Products */;
			projectDirPath = "";
			projectRoot = "";
			targets = (
				27F787B0278E3290006DB47C /* WordleRipoff (iOS) */,
				27F787B6278E3290006DB47C /* WordleRipoff (macOS) */,
				27F787BD278E3290006DB47C /* Tests iOS */,
				27F787C9278E3290006DB47C /* Tests macOS */,
			);
		};
/* End PBXProject section */

/* Begin PBXResourcesBuildPhase section */
		27F787AF278E3290006DB47C /* Resources */ = {
			isa = PBXResourcesBuildPhase;
			buildActionMask = 2147483647;
			files = (
				27F787D6278E3290006DB47C /* Assets.xcassets in Resources */,
			);
			runOnlyForDeploymentPostprocessing = 0;
		};
		27F787B5278E3290006DB47C /* Resources */ = {
			isa = PBXResourcesBuildPhase;
			buildActionMask = 2147483647;
			files = (
				27F787D7278E3290006DB47C /* Assets.xcassets in Resources */,
			);
			runOnlyForDeploymentPostprocessing = 0;
		};
		27F787BC278E3290006DB47C /* Resources */ = {
			isa = PBXResourcesBuildPhase;
			buildActionMask = 2147483647;
			files = (
			);
			runOnlyForDeploymentPostprocessing = 0;
		};
		27F787C8278E3290006DB47C /* Resources */ = {
			isa = PBXResourcesBuildPhase;
			buildActionMask = 2147483647;
			files = (
			);
			runOnlyForDeploymentPostprocessing = 0;
		};
/* End PBXResourcesBuildPhase section */

/* Begin PBXSourcesBuildPhase section */
		27F787AD278E3290006DB47C /* Sources */ = {
			isa = PBXSourcesBuildPhase;
			buildActionMask = 2147483647;
			files = (
				27F787D4278E3290006DB47C /* ContentView.swift in Sources */,
				27F787D2278E3290006DB47C /* WordleRipoffApp.swift in Sources */,
			);
			runOnlyForDeploymentPostprocessing = 0;
		};
		27F787B3278E3290006DB47C /* Sources */ = {
			isa = PBXSourcesBuildPhase;
			buildActionMask = 2147483647;
			files = (
				27F787D5278E3290006DB47C /* ContentView.swift in Sources */,
				27F787D3278E3290006DB47C /* WordleRipoffApp.swift in Sources */,
			);
			runOnlyForDeploymentPostprocessing = 0;
		};
		27F787BA278E3290006DB47C /* Sources */ = {
			isa = PBXSourcesBuildPhase;
			buildActionMask = 2147483647;
			files = (
				27F787C5278E3290006DB47C /* Tests_iOSLaunchTests.swift in Sources */,
				27F787C3278E3290006DB47C /* Tests_iOS.swift in Sources */,
			);
			runOnlyForDeploymentPostprocessing = 0;
		};
		27F787C6278E3290006DB47C /* Sources */ = {
			isa = PBXSourcesBuildPhase;
			buildActionMask = 2147483647;
			files = (
				27F787D1278E3290006DB47C /* Tests_macOSLaunchTests.swift in Sources */,
				27F787CF278E3290006DB47C /* Tests_macOS.swift in Sources */,
			);
			runOnlyForDeploymentPostprocessing = 0;
		};
/* End PBXSourcesBuildPhase section */

/* Begin PBXTargetDependency section */
		27F787C0278E3290006DB47C /* PBXTargetDependency */ = {
			isa = PBXTargetDependency;
			target = 27F787B0278E3290006DB47C /* WordleRipoff (iOS) */;
			targetProxy = 27F787BF278E3290006DB47C /* PBXContainerItemProxy */;
		};
		27F787CC278E3290006DB47C /* PBXTargetDependency */ = {
			isa = PBXTargetDependency;
			target = 27F787B6278E3290006DB47C /* WordleRipoff (macOS) */;
			targetProxy = 27F787CB278E3290006DB47C /* PBXContainerItemProxy */;
		};
/* End PBXTargetDependency section */

/* Begin XCBuildConfiguration section */
		27F787D8278E3290006DB47C /* Debug */ = {
			isa = XCBuildConfiguration;
			buildSettings = {
				ALWAYS_SEARCH_USER_PATHS = NO;
				CLANG_ANALYZER_NONNULL = YES;
				CLANG_ANALYZER_NUMBER_OBJECT_CONVERSION = YES_AGGRESSIVE;
				CLANG_CXX_LANGUAGE_STANDARD = "gnu++17";
				CLANG_CXX_LIBRARY = "libc++";
				CLANG_ENABLE_MODULES = YES;
				CLANG_ENABLE_OBJC_ARC = YES;
				CLANG_ENABLE_OBJC_WEAK = YES;
				CLANG_WARN_BLOCK_CAPTURE_AUTORELEASING = YES;
				CLANG_WARN_BOOL_CONVERSION = YES;
				CLANG_WARN_COMMA = YES;
				CLANG_WARN_CONSTANT_CONVERSION = YES;
				CLANG_WARN_DEPRECATED_OBJC_IMPLEMENTATIONS = YES;
				CLANG_WARN_DIRECT_OBJC_ISA_USAGE = YES_ERROR;
				CLANG_WARN_DOCUMENTATION_COMMENTS = YES;
				CLANG_WARN_EMPTY_BODY = YES;
				CLANG_WARN_ENUM_CONVERSION = YES;
				CLANG_WARN_INFINITE_RECURSION = YES;
				CLANG_WARN_INT_CONVERSION = YES;
				CLANG_WARN_NON_LITERAL_NULL_CONVERSION = YES;
				CLANG_WARN_OBJC_IMPLICIT_RETAIN_SELF = YES;
				CLANG_WARN_OBJC_LITERAL_CONVERSION = YES;
				CLANG_WARN_OBJC_ROOT_CLASS = YES_ERROR;
				CLANG_WARN_QUOTED_INCLUDE_IN_FRAMEWORK_HEADER = YES;
				CLANG_WARN_RANGE_LOOP_ANALYSIS = YES;
				CLANG_WARN_STRICT_PROTOTYPES = YES;
				CLANG_WARN_SUSPICIOUS_MOVE = YES;
				CLANG_WARN_UNGUARDED_AVAILABILITY = YES_AGGRESSIVE;
				CLANG_WARN_UNREACHABLE_CODE = YES;
				CLANG_WARN__DUPLICATE_METHOD_MATCH = YES;
				COPY_PHASE_STRIP = NO;
				DEBUG_INFORMATION_FORMAT = dwarf;
				ENABLE_STRICT_OBJC_MSGSEND = YES;
				ENABLE_TESTABILITY = YES;
				GCC_C_LANGUAGE_STANDARD = gnu11;
				GCC_DYNAMIC_NO_PIC = NO;
				GCC_NO_COMMON_BLOCKS = YES;
				GCC_OPTIMIZATION_LEVEL = 0;
				GCC_PREPROCESSOR_DEFINITIONS = (
					"DEBUG=1",
					"$(inherited)",
				);
				GCC_WARN_64_TO_32_BIT_CONVERSION = YES;
				GCC_WARN_ABOUT_RETURN_TYPE = YES_ERROR;
				GCC_WARN_UNDECLARED_SELECTOR = YES;
				GCC_WARN_UNINITIALIZED_AUTOS = YES_AGGRESSIVE;
				GCC_WARN_UNUSED_FUNCTION = YES;
				GCC_WARN_UNUSED_VARIABLE = YES;
				MTL_ENABLE_DEBUG_INFO = INCLUDE_SOURCE;
				MTL_FAST_MATH = YES;
				ONLY_ACTIVE_ARCH = YES;
				SWIFT_ACTIVE_COMPILATION_CONDITIONS = DEBUG;
				SWIFT_OPTIMIZATION_LEVEL = "-Onone";
			};
			name = Debug;
		};
		27F787D9278E3290006DB47C /* Release */ = {
			isa = XCBuildConfiguration;
			buildSettings = {
				ALWAYS_SEARCH_USER_PATHS = NO;
				CLANG_ANALYZER_NONNULL = YES;
				CLANG_ANALYZER_NUMBER_OBJECT_CONVERSION = YES_AGGRESSIVE;
				CLANG_CXX_LANGUAGE_STANDARD = "gnu++17";
				CLANG_CXX_LIBRARY = "libc++";
				CLANG_ENABLE_MODULES = YES;
				CLANG_ENABLE_OBJC_ARC = YES;
				CLANG_ENABLE_OBJC_WEAK = YES;
				CLANG_WARN_BLOCK_CAPTURE_AUTORELEASING = YES;
				CLANG_WARN_BOOL_CONVERSION = YES;
				CLANG_WARN_COMMA = YES;
				CLANG_WARN_CONSTANT_CONVERSION = YES;
				CLANG_WARN_DEPRECATED_OBJC_IMPLEMENTATIONS = YES;
				CLANG_WARN_DIRECT_OBJC_ISA_USAGE = YES_ERROR;
				CLANG_WARN_DOCUMENTATION_COMMENTS = YES;
				CLANG_WARN_EMPTY_BODY = YES;
				CLANG_WARN_ENUM_CONVERSION = YES;
				CLANG_WARN_INFINITE_RECURSION = YES;
				CLANG_WARN_INT_CONVERSION = YES;
				CLANG_WARN_NON_LITERAL_NULL_CONVERSION = YES;
				CLANG_WARN_OBJC_IMPLICIT_RETAIN_SELF = YES;
				CLANG_WARN_OBJC_LITERAL_CONVERSION = YES;
				CLANG_WARN_OBJC_ROOT_CLASS = YES_ERROR;
				CLANG_WARN_QUOTED_INCLUDE_IN_FRAMEWORK_HEADER = YES;
				CLANG_WARN_RANGE_LOOP_ANALYSIS = YES;
				CLANG_WARN_STRICT_PROTOTYPES = YES;
				CLANG_WARN_SUSPICIOUS_MOVE = YES;
				CLANG_WARN_UNGUARDED_AVAILABILITY = YES_AGGRESSIVE;
				CLANG_WARN_UNREACHABLE_CODE = YES;
				CLANG_WARN__DUPLICATE_METHOD_MATCH = YES;
				COPY_PHASE_STRIP = NO;
				DEBUG_INFORMATION_FORMAT = "dwarf-with-dsym";
				ENABLE_NS_ASSERTIONS = NO;
				ENABLE_STRICT_OBJC_MSGSEND = YES;
				GCC_C_LANGUAGE_STANDARD = gnu11;
				GCC_NO_COMMON_BLOCKS = YES;
				GCC_WARN_64_TO_32_BIT_CONVERSION = YES;
				GCC_WARN_ABOUT_RETURN_TYPE = YES_ERROR;
				GCC_WARN_UNDECLARED_SELECTOR = YES;
				GCC_WARN_UNINITIALIZED_AUTOS = YES_AGGRESSIVE;
				GCC_WARN_UNUSED_FUNCTION = YES;
				GCC_WARN_UNUSED_VARIABLE = YES;
				MTL_ENABLE_DEBUG_INFO = NO;
				MTL_FAST_MATH = YES;
				SWIFT_COMPILATION_MODE = wholemodule;
				SWIFT_OPTIMIZATION_LEVEL = "-O";
			};
			name = Release;
		};
		27F787DB278E3290006DB47C /* Debug */ = {
			isa = XCBuildConfiguration;
			buildSettings = {
				ASSETCATALOG_COMPILER_APPICON_NAME = AppIcon;
				ASSETCATALOG_COMPILER_GLOBAL_ACCENT_COLOR_NAME = AccentColor;
				CODE_SIGN_STYLE = Automatic;
				CURRENT_PROJECT_VERSION = 1;
				DEVELOPMENT_TEAM = DF288G8ZJ6;
				ENABLE_PREVIEWS = YES;
				GENERATE_INFOPLIST_FILE = YES;
				INFOPLIST_KEY_UIApplicationSceneManifest_Generation = YES;
				INFOPLIST_KEY_UIApplicationSupportsIndirectInputEvents = YES;
				INFOPLIST_KEY_UILaunchScreen_Generation = YES;
				INFOPLIST_KEY_UISupportedInterfaceOrientations_iPad = "UIInterfaceOrientationPortrait UIInterfaceOrientationPortraitUpsideDown UIInterfaceOrientationLandscapeLeft UIInterfaceOrientationLandscapeRight";
				INFOPLIST_KEY_UISupportedInterfaceOrientations_iPhone = "UIInterfaceOrientationPortrait UIInterfaceOrientationLandscapeLeft UIInterfaceOrientationLandscapeRight";
				IPHONEOS_DEPLOYMENT_TARGET = 15.2;
				LD_RUNPATH_SEARCH_PATHS = (
					"$(inherited)",
					"@executable_path/Frameworks",
				);
				MARKETING_VERSION = 1.0;
				PRODUCT_BUNDLE_IDENTIFIER = com.mmuszynski.WordleRipoff;
				PRODUCT_NAME = WordleRipoff;
				SDKROOT = iphoneos;
				SWIFT_EMIT_LOC_STRINGS = YES;
				SWIFT_VERSION = 5.0;
				TARGETED_DEVICE_FAMILY = "1,2";
			};
			name = Debug;
		};
		27F787DC278E3290006DB47C /* Release */ = {
			isa = XCBuildConfiguration;
			buildSettings = {
				ASSETCATALOG_COMPILER_APPICON_NAME = AppIcon;
				ASSETCATALOG_COMPILER_GLOBAL_ACCENT_COLOR_NAME = AccentColor;
				CODE_SIGN_STYLE = Automatic;
				CURRENT_PROJECT_VERSION = 1;
				DEVELOPMENT_TEAM = DF288G8ZJ6;
				ENABLE_PREVIEWS = YES;
				GENERATE_INFOPLIST_FILE = YES;
				INFOPLIST_KEY_UIApplicationSceneManifest_Generation = YES;
				INFOPLIST_KEY_UIApplicationSupportsIndirectInputEvents = YES;
				INFOPLIST_KEY_UILaunchScreen_Generation = YES;
				INFOPLIST_KEY_UISupportedInterfaceOrientations_iPad = "UIInterfaceOrientationPortrait UIInterfaceOrientationPortraitUpsideDown UIInterfaceOrientationLandscapeLeft UIInterfaceOrientationLandscapeRight";
				INFOPLIST_KEY_UISupportedInterfaceOrientations_iPhone = "UIInterfaceOrientationPortrait UIInterfaceOrientationLandscapeLeft UIInterfaceOrientationLandscapeRight";
				IPHONEOS_DEPLOYMENT_TARGET = 15.2;
				LD_RUNPATH_SEARCH_PATHS = (
					"$(inherited)",
					"@executable_path/Frameworks",
				);
				MARKETING_VERSION = 1.0;
				PRODUCT_BUNDLE_IDENTIFIER = com.mmuszynski.WordleRipoff;
				PRODUCT_NAME = WordleRipoff;
				SDKROOT = iphoneos;
				SWIFT_EMIT_LOC_STRINGS = YES;
				SWIFT_VERSION = 5.0;
				TARGETED_DEVICE_FAMILY = "1,2";
				VALIDATE_PRODUCT = YES;
			};
			name = Release;
		};
		27F787DE278E3290006DB47C /* Debug */ = {
			isa = XCBuildConfiguration;
			buildSettings = {
				ASSETCATALOG_COMPILER_APPICON_NAME = AppIcon;
				ASSETCATALOG_COMPILER_GLOBAL_ACCENT_COLOR_NAME = AccentColor;
				CODE_SIGN_ENTITLEMENTS = macOS/macOS.entitlements;
				CODE_SIGN_STYLE = Automatic;
				COMBINE_HIDPI_IMAGES = YES;
				CURRENT_PROJECT_VERSION = 1;
				DEVELOPMENT_TEAM = DF288G8ZJ6;
				ENABLE_HARDENED_RUNTIME = YES;
				ENABLE_PREVIEWS = YES;
				GENERATE_INFOPLIST_FILE = YES;
				INFOPLIST_KEY_NSHumanReadableCopyright = "";
				LD_RUNPATH_SEARCH_PATHS = (
					"$(inherited)",
					"@executable_path/../Frameworks",
				);
				MACOSX_DEPLOYMENT_TARGET = 11.6;
				MARKETING_VERSION = 1.0;
				PRODUCT_BUNDLE_IDENTIFIER = com.mmuszynski.WordleRipoff;
				PRODUCT_NAME = WordleRipoff;
				SDKROOT = macosx;
				SWIFT_EMIT_LOC_STRINGS = YES;
				SWIFT_VERSION = 5.0;
			};
			name = Debug;
		};
		27F787DF278E3290006DB47C /* Release */ = {
			isa = XCBuildConfiguration;
			buildSettings = {
				ASSETCATALOG_COMPILER_APPICON_NAME = AppIcon;
				ASSETCATALOG_COMPILER_GLOBAL_ACCENT_COLOR_NAME = AccentColor;
				CODE_SIGN_ENTITLEMENTS = macOS/macOS.entitlements;
				CODE_SIGN_STYLE = Automatic;
				COMBINE_HIDPI_IMAGES = YES;
				CURRENT_PROJECT_VERSION = 1;
				DEVELOPMENT_TEAM = DF288G8ZJ6;
				ENABLE_HARDENED_RUNTIME = YES;
				ENABLE_PREVIEWS = YES;
				GENERATE_INFOPLIST_FILE = YES;
				INFOPLIST_KEY_NSHumanReadableCopyright = "";
				LD_RUNPATH_SEARCH_PATHS = (
					"$(inherited)",
					"@executable_path/../Frameworks",
				);
				MACOSX_DEPLOYMENT_TARGET = 11.6;
				MARKETING_VERSION = 1.0;
				PRODUCT_BUNDLE_IDENTIFIER = com.mmuszynski.WordleRipoff;
				PRODUCT_NAME = WordleRipoff;
				SDKROOT = macosx;
				SWIFT_EMIT_LOC_STRINGS = YES;
				SWIFT_VERSION = 5.0;
			};
			name = Release;
		};
		27F787E1278E3290006DB47C /* Debug */ = {
			isa = XCBuildConfiguration;
			buildSettings = {
				ALWAYS_EMBED_SWIFT_STANDARD_LIBRARIES = YES;
				CODE_SIGN_STYLE = Automatic;
				CURRENT_PROJECT_VERSION = 1;
				DEVELOPMENT_TEAM = DF288G8ZJ6;
				GENERATE_INFOPLIST_FILE = YES;
				IPHONEOS_DEPLOYMENT_TARGET = 15.2;
				MARKETING_VERSION = 1.0;
				PRODUCT_BUNDLE_IDENTIFIER = "com.mmuszynski.Tests-iOS";
				PRODUCT_NAME = "$(TARGET_NAME)";
				SDKROOT = iphoneos;
				SWIFT_EMIT_LOC_STRINGS = NO;
				SWIFT_VERSION = 5.0;
				TARGETED_DEVICE_FAMILY = "1,2";
				TEST_TARGET_NAME = "WordleRipoff (iOS)";
			};
			name = Debug;
		};
		27F787E2278E3290006DB47C /* Release */ = {
			isa = XCBuildConfiguration;
			buildSettings = {
				ALWAYS_EMBED_SWIFT_STANDARD_LIBRARIES = YES;
				CODE_SIGN_STYLE = Automatic;
				CURRENT_PROJECT_VERSION = 1;
				DEVELOPMENT_TEAM = DF288G8ZJ6;
				GENERATE_INFOPLIST_FILE = YES;
				IPHONEOS_DEPLOYMENT_TARGET = 15.2;
				MARKETING_VERSION = 1.0;
				PRODUCT_BUNDLE_IDENTIFIER = "com.mmuszynski.Tests-iOS";
				PRODUCT_NAME = "$(TARGET_NAME)";
				SDKROOT = iphoneos;
				SWIFT_EMIT_LOC_STRINGS = NO;
				SWIFT_VERSION = 5.0;
				TARGETED_DEVICE_FAMILY = "1,2";
				TEST_TARGET_NAME = "WordleRipoff (iOS)";
				VALIDATE_PRODUCT = YES;
			};
			name = Release;
		};
		27F787E4278E3290006DB47C /* Debug */ = {
			isa = XCBuildConfiguration;
			buildSettings = {
				ALWAYS_EMBED_SWIFT_STANDARD_LIBRARIES = YES;
				CODE_SIGN_STYLE = Automatic;
				CURRENT_PROJECT_VERSION = 1;
				DEVELOPMENT_TEAM = DF288G8ZJ6;
				GENERATE_INFOPLIST_FILE = YES;
				MACOSX_DEPLOYMENT_TARGET = 11.6;
				MARKETING_VERSION = 1.0;
				PRODUCT_BUNDLE_IDENTIFIER = "com.mmuszynski.Tests-macOS";
				PRODUCT_NAME = "$(TARGET_NAME)";
				SDKROOT = macosx;
				SWIFT_EMIT_LOC_STRINGS = NO;
				SWIFT_VERSION = 5.0;
				TEST_TARGET_NAME = "WordleRipoff (macOS)";
			};
			name = Debug;
		};
		27F787E5278E3290006DB47C /* Release */ = {
			isa = XCBuildConfiguration;
			buildSettings = {
				ALWAYS_EMBED_SWIFT_STANDARD_LIBRARIES = YES;
				CODE_SIGN_STYLE = Automatic;
				CURRENT_PROJECT_VERSION = 1;
				DEVELOPMENT_TEAM = DF288G8ZJ6;
				GENERATE_INFOPLIST_FILE = YES;
				MACOSX_DEPLOYMENT_TARGET = 11.6;
				MARKETING_VERSION = 1.0;
				PRODUCT_BUNDLE_IDENTIFIER = "com.mmuszynski.Tests-macOS";
				PRODUCT_NAME = "$(TARGET_NAME)";
				SDKROOT = macosx;
				SWIFT_EMIT_LOC_STRINGS = NO;
				SWIFT_VERSION = 5.0;
				TEST_TARGET_NAME = "WordleRipoff (macOS)";
			};
			name = Release;
		};
/* End XCBuildConfiguration section */

/* Begin XCConfigurationList section */
		27F787A8278E328F006DB47C /* Build configuration list for PBXProject "WordleRipoff" */ = {
			isa = XCConfigurationList;
			buildConfigurations = (
				27F787D8278E3290006DB47C /* Debug */,
				27F787D9278E3290006DB47C /* Release */,
			);
			defaultConfigurationIsVisible = 0;
			defaultConfigurationName = Release;
		};
		27F787DA278E3290006DB47C /* Build configuration list for PBXNativeTarget "WordleRipoff (iOS)" */ = {
			isa = XCConfigurationList;
			buildConfigurations = (
				27F787DB278E3290006DB47C /* Debug */,
				27F787DC278E3290006DB47C /* Release */,
			);
			defaultConfigurationIsVisible = 0;
			defaultConfigurationName = Release;
		};
		27F787DD278E3290006DB47C /* Build configuration list for PBXNativeTarget "WordleRipoff (macOS)" */ = {
			isa = XCConfigurationList;
			buildConfigurations = (
				27F787DE278E3290006DB47C /* Debug */,
				27F787DF278E3290006DB47C /* Release */,
			);
			defaultConfigurationIsVisible = 0;
			defaultConfigurationName = Release;
		};
		27F787E0278E3290006DB47C /* Build configuration list for PBXNativeTarget "Tests iOS" */ = {
			isa = XCConfigurationList;
			buildConfigurations = (
				27F787E1278E3290006DB47C /* Debug */,
				27F787E2278E3290006DB47C /* Release */,
			);
			defaultConfigurationIsVisible = 0;
			defaultConfigurationName = Release;
		};
		27F787E3278E3290006DB47C /* Build configuration list for PBXNativeTarget "Tests macOS" */ = {
			isa = XCConfigurationList;
			buildConfigurations = (
				27F787E4278E3290006DB47C /* Debug */,
				27F787E5278E3290006DB47C /* Release */,
			);
			defaultConfigurationIsVisible = 0;
			defaultConfigurationName = Release;
		};
/* End XCConfigurationList section */
	};
	rootObject = 27F787A5278E328F006DB47C /* Project object */;
}
